// !$*UTF8*$!
{
	archiveVersion = 1;
	classes = {
	};
	objectVersion = 46;
	objects = {

/* Begin PBXBuildFile section */
		3F131BD91ACC876600DFFDBE /* HSUserListViewController.m in Sources */ = {isa = PBXBuildFile; fileRef = 3F131BD81ACC876600DFFDBE /* HSUserListViewController.m */; };
		3F131BDC1ACC89BC00DFFDBE /* HSUserListCell.m in Sources */ = {isa = PBXBuildFile; fileRef = 3F131BDB1ACC89BC00DFFDBE /* HSUserListCell.m */; };
		458A55D21ACACF5400F73E54 /* HSHotSwapViewController.m in Sources */ = {isa = PBXBuildFile; fileRef = 458A55D11ACACF5400F73E54 /* HSHotSwapViewController.m */; };
		7483389A1AC9C0C300C3F5FD /* AppDelegate.m in Sources */ = {isa = PBXBuildFile; fileRef = 748338991AC9C0C300C3F5FD /* AppDelegate.m */; };
		7483389C1AC9C0C300C3F5FD /* main.m in Sources */ = {isa = PBXBuildFile; fileRef = 7483389B1AC9C0C300C3F5FD /* main.m */; };
		7483389F1AC9C0C300C3F5FD /* ViewController.m in Sources */ = {isa = PBXBuildFile; fileRef = 7483389E1AC9C0C300C3F5FD /* ViewController.m */; };
		748338A11AC9C0C300C3F5FD /* Images.xcassets in Resources */ = {isa = PBXBuildFile; fileRef = 748338A01AC9C0C300C3F5FD /* Images.xcassets */; };
		748338A41AC9C0C300C3F5FD /* Main.storyboard in Resources */ = {isa = PBXBuildFile; fileRef = 748338A21AC9C0C300C3F5FD /* Main.storyboard */; };
		748338B01AC9C0C300C3F5FD /* HubSyncTests.m in Sources */ = {isa = PBXBuildFile; fileRef = 748338AF1AC9C0C300C3F5FD /* HubSyncTests.m */; };
		748338C91AC9C19C00C3F5FD /* CSChatMessageRealmModel.m in Sources */ = {isa = PBXBuildFile; fileRef = 748338BE1AC9C19C00C3F5FD /* CSChatMessageRealmModel.m */; };
		748338CA1AC9C19C00C3F5FD /* CSComment.m in Sources */ = {isa = PBXBuildFile; fileRef = 748338C01AC9C19C00C3F5FD /* CSComment.m */; };
		748338CB1AC9C19C00C3F5FD /* CSCommentRealmModel.m in Sources */ = {isa = PBXBuildFile; fileRef = 748338C21AC9C19C00C3F5FD /* CSCommentRealmModel.m */; };
		748338CC1AC9C19C00C3F5FD /* CSPeerHistoryRealmModel.m in Sources */ = {isa = PBXBuildFile; fileRef = 748338C41AC9C19C00C3F5FD /* CSPeerHistoryRealmModel.m */; };
		748338CD1AC9C19C00C3F5FD /* CSTaskRealmModel.m in Sources */ = {isa = PBXBuildFile; fileRef = 748338C61AC9C19C00C3F5FD /* CSTaskRealmModel.m */; };
		748338CE1AC9C19C00C3F5FD /* CSTaskTransientObjectStore.m in Sources */ = {isa = PBXBuildFile; fileRef = 748338C81AC9C19C00C3F5FD /* CSTaskTransientObjectStore.m */; };
		748338D21AC9C3B400C3F5FD /* libc++.dylib in Frameworks */ = {isa = PBXBuildFile; fileRef = 748338D11AC9C3B300C3F5FD /* libc++.dylib */; };
		748338D41AC9C4AA00C3F5FD /* Realm.framework in Frameworks */ = {isa = PBXBuildFile; fileRef = 748338D31AC9C4AA00C3F5FD /* Realm.framework */; };
		748338D61AC9C4D800C3F5FD /* Realm.framework in CopyFiles */ = {isa = PBXBuildFile; fileRef = 748338D31AC9C4AA00C3F5FD /* Realm.framework */; settings = {ATTRIBUTES = (CodeSignOnCopy, RemoveHeadersOnCopy, ); }; };
		748338DE1AC9C61900C3F5FD /* CSRealmWriteOperation.m in Sources */ = {isa = PBXBuildFile; fileRef = 748338D91AC9C61900C3F5FD /* CSRealmWriteOperation.m */; };
		748338DF1AC9C61900C3F5FD /* CSSessionDataAnalyzer.m in Sources */ = {isa = PBXBuildFile; fileRef = 748338DB1AC9C61900C3F5FD /* CSSessionDataAnalyzer.m */; };
		748338E01AC9C61900C3F5FD /* CSSessionManager.m in Sources */ = {isa = PBXBuildFile; fileRef = 748338DD1AC9C61900C3F5FD /* CSSessionManager.m */; };
		748338E31AC9CE1C00C3F5FD /* HSTaskDetailViewController.m in Sources */ = {isa = PBXBuildFile; fileRef = 748338E21AC9CE1C00C3F5FD /* HSTaskDetailViewController.m */; };
		748338E81AC9D5F900C3F5FD /* MainDetailView.xib in Resources */ = {isa = PBXBuildFile; fileRef = 748338E71AC9D5F900C3F5FD /* MainDetailView.xib */; };
		748338F11AC9E0C500C3F5FD /* HSTaskListViewController.m in Sources */ = {isa = PBXBuildFile; fileRef = 748338F01AC9E0C500C3F5FD /* HSTaskListViewController.m */; };
		748338F51AC9E85300C3F5FD /* HSTaskListCell.m in Sources */ = {isa = PBXBuildFile; fileRef = 748338F41AC9E85300C3F5FD /* HSTaskListCell.m */; };
		74BE6FBC1ACC73540048B1DC /* AEFloatConverter.m in Sources */ = {isa = PBXBuildFile; fileRef = 74BE6FA21ACC73540048B1DC /* AEFloatConverter.m */; };
		74BE6FBD1ACC73540048B1DC /* EZAudio.m in Sources */ = {isa = PBXBuildFile; fileRef = 74BE6FA41ACC73540048B1DC /* EZAudio.m */; };
		74BE6FBE1ACC73540048B1DC /* EZAudioFile.m in Sources */ = {isa = PBXBuildFile; fileRef = 74BE6FA61ACC73540048B1DC /* EZAudioFile.m */; };
		74BE6FBF1ACC73540048B1DC /* EZAudioPlayer.m in Sources */ = {isa = PBXBuildFile; fileRef = 74BE6FA81ACC73540048B1DC /* EZAudioPlayer.m */; };
		74BE6FC01ACC73540048B1DC /* EZAudioPlot.m in Sources */ = {isa = PBXBuildFile; fileRef = 74BE6FAA1ACC73540048B1DC /* EZAudioPlot.m */; };
		74BE6FC11ACC73540048B1DC /* EZAudioPlotGL.m in Sources */ = {isa = PBXBuildFile; fileRef = 74BE6FAC1ACC73540048B1DC /* EZAudioPlotGL.m */; };
		74BE6FC21ACC73540048B1DC /* EZAudioPlotGLKViewController.m in Sources */ = {isa = PBXBuildFile; fileRef = 74BE6FAE1ACC73540048B1DC /* EZAudioPlotGLKViewController.m */; };
		74BE6FC31ACC73540048B1DC /* EZMicrophone.m in Sources */ = {isa = PBXBuildFile; fileRef = 74BE6FB01ACC73540048B1DC /* EZMicrophone.m */; };
		74BE6FC41ACC73540048B1DC /* EZOutput.m in Sources */ = {isa = PBXBuildFile; fileRef = 74BE6FB21ACC73540048B1DC /* EZOutput.m */; };
		74BE6FC51ACC73540048B1DC /* EZPlot.m in Sources */ = {isa = PBXBuildFile; fileRef = 74BE6FB41ACC73540048B1DC /* EZPlot.m */; };
		74BE6FC61ACC73540048B1DC /* EZRecorder.m in Sources */ = {isa = PBXBuildFile; fileRef = 74BE6FB61ACC73540048B1DC /* EZRecorder.m */; };
		74BE6FC71ACC73540048B1DC /* TPCircularBuffer.c in Sources */ = {isa = PBXBuildFile; fileRef = 74BE6FB71ACC73540048B1DC /* TPCircularBuffer.c */; };
		74BE6FC81ACC73540048B1DC /* CHANGELOG in Resources */ = {isa = PBXBuildFile; fileRef = 74BE6FBA1ACC73540048B1DC /* CHANGELOG */; };
		74BE6FC91ACC73540048B1DC /* VERSION in Resources */ = {isa = PBXBuildFile; fileRef = 74BE6FBB1ACC73540048B1DC /* VERSION */; };
		74BE6FCD1ACC73900048B1DC /* AudioToolbox.framework in Frameworks */ = {isa = PBXBuildFile; fileRef = 74BE6FCA1ACC73900048B1DC /* AudioToolbox.framework */; };
		74BE6FCE1ACC73900048B1DC /* AudioUnit.framework in Frameworks */ = {isa = PBXBuildFile; fileRef = 74BE6FCB1ACC73900048B1DC /* AudioUnit.framework */; };
		74BE6FCF1ACC73900048B1DC /* CoreAudio.framework in Frameworks */ = {isa = PBXBuildFile; fileRef = 74BE6FCC1ACC73900048B1DC /* CoreAudio.framework */; };
		74BE6FD11ACC739B0048B1DC /* QuartzCore.framework in Frameworks */ = {isa = PBXBuildFile; fileRef = 74BE6FD01ACC739B0048B1DC /* QuartzCore.framework */; };
		74BE6FD31ACC73A00048B1DC /* GLKit.framework in Frameworks */ = {isa = PBXBuildFile; fileRef = 74BE6FD21ACC73A00048B1DC /* GLKit.framework */; };
		74BE6FD91ACC77240048B1DC /* CSAudioPlotViewController.m in Sources */ = {isa = PBXBuildFile; fileRef = 74BE6FD81ACC77240048B1DC /* CSAudioPlotViewController.m */; };
/* End PBXBuildFile section */

/* Begin PBXContainerItemProxy section */
		748338AA1AC9C0C300C3F5FD /* PBXContainerItemProxy */ = {
			isa = PBXContainerItemProxy;
			containerPortal = 7483388B1AC9C0C300C3F5FD /* Project object */;
			proxyType = 1;
			remoteGlobalIDString = 748338921AC9C0C300C3F5FD;
			remoteInfo = HubSync;
		};
/* End PBXContainerItemProxy section */

/* Begin PBXCopyFilesBuildPhase section */
		748338D51AC9C4CD00C3F5FD /* CopyFiles */ = {
			isa = PBXCopyFilesBuildPhase;
			buildActionMask = 2147483647;
			dstPath = "";
			dstSubfolderSpec = 10;
			files = (
				748338D61AC9C4D800C3F5FD /* Realm.framework in CopyFiles */,
			);
			runOnlyForDeploymentPostprocessing = 0;
		};
/* End PBXCopyFilesBuildPhase section */

/* Begin PBXFileReference section */
		3F131BD71ACC876600DFFDBE /* HSUserListViewController.h */ = {isa = PBXFileReference; fileEncoding = 4; lastKnownFileType = sourcecode.c.h; name = HSUserListViewController.h; path = Controllers/HSUserListViewController.h; sourceTree = "<group>"; };
		3F131BD81ACC876600DFFDBE /* HSUserListViewController.m */ = {isa = PBXFileReference; fileEncoding = 4; lastKnownFileType = sourcecode.c.objc; name = HSUserListViewController.m; path = Controllers/HSUserListViewController.m; sourceTree = "<group>"; };
		3F131BDA1ACC89BC00DFFDBE /* HSUserListCell.h */ = {isa = PBXFileReference; fileEncoding = 4; lastKnownFileType = sourcecode.c.h; name = HSUserListCell.h; path = Controllers/HSUserListCell.h; sourceTree = "<group>"; };
		3F131BDB1ACC89BC00DFFDBE /* HSUserListCell.m */ = {isa = PBXFileReference; fileEncoding = 4; lastKnownFileType = sourcecode.c.objc; name = HSUserListCell.m; path = Controllers/HSUserListCell.m; sourceTree = "<group>"; };
		458A55D01ACACF5400F73E54 /* HSHotSwapViewController.h */ = {isa = PBXFileReference; fileEncoding = 4; lastKnownFileType = sourcecode.c.h; name = HSHotSwapViewController.h; path = Controllers/HSHotSwapViewController.h; sourceTree = "<group>"; };
		458A55D11ACACF5400F73E54 /* HSHotSwapViewController.m */ = {isa = PBXFileReference; fileEncoding = 4; lastKnownFileType = sourcecode.c.objc; name = HSHotSwapViewController.m; path = Controllers/HSHotSwapViewController.m; sourceTree = "<group>"; };
		748338931AC9C0C300C3F5FD /* HubSync.app */ = {isa = PBXFileReference; explicitFileType = wrapper.application; includeInIndex = 0; path = HubSync.app; sourceTree = BUILT_PRODUCTS_DIR; };
		748338971AC9C0C300C3F5FD /* Info.plist */ = {isa = PBXFileReference; lastKnownFileType = text.plist.xml; path = Info.plist; sourceTree = "<group>"; };
		748338981AC9C0C300C3F5FD /* AppDelegate.h */ = {isa = PBXFileReference; lastKnownFileType = sourcecode.c.h; path = AppDelegate.h; sourceTree = "<group>"; };
		748338991AC9C0C300C3F5FD /* AppDelegate.m */ = {isa = PBXFileReference; lastKnownFileType = sourcecode.c.objc; path = AppDelegate.m; sourceTree = "<group>"; };
		7483389B1AC9C0C300C3F5FD /* main.m */ = {isa = PBXFileReference; lastKnownFileType = sourcecode.c.objc; path = main.m; sourceTree = "<group>"; };
		7483389D1AC9C0C300C3F5FD /* ViewController.h */ = {isa = PBXFileReference; lastKnownFileType = sourcecode.c.h; path = ViewController.h; sourceTree = "<group>"; };
		7483389E1AC9C0C300C3F5FD /* ViewController.m */ = {isa = PBXFileReference; lastKnownFileType = sourcecode.c.objc; path = ViewController.m; sourceTree = "<group>"; };
		748338A01AC9C0C300C3F5FD /* Images.xcassets */ = {isa = PBXFileReference; lastKnownFileType = folder.assetcatalog; path = Images.xcassets; sourceTree = "<group>"; };
		748338A31AC9C0C300C3F5FD /* Base */ = {isa = PBXFileReference; lastKnownFileType = file.storyboard; name = Base; path = Base.lproj/Main.storyboard; sourceTree = "<group>"; };
		748338A91AC9C0C300C3F5FD /* HubSyncTests.xctest */ = {isa = PBXFileReference; explicitFileType = wrapper.cfbundle; includeInIndex = 0; path = HubSyncTests.xctest; sourceTree = BUILT_PRODUCTS_DIR; };
		748338AE1AC9C0C300C3F5FD /* Info.plist */ = {isa = PBXFileReference; lastKnownFileType = text.plist.xml; path = Info.plist; sourceTree = "<group>"; };
		748338AF1AC9C0C300C3F5FD /* HubSyncTests.m */ = {isa = PBXFileReference; lastKnownFileType = sourcecode.c.objc; path = HubSyncTests.m; sourceTree = "<group>"; };
		748338BD1AC9C19C00C3F5FD /* CSChatMessageRealmModel.h */ = {isa = PBXFileReference; fileEncoding = 4; lastKnownFileType = sourcecode.c.h; path = CSChatMessageRealmModel.h; sourceTree = "<group>"; };
		748338BE1AC9C19C00C3F5FD /* CSChatMessageRealmModel.m */ = {isa = PBXFileReference; fileEncoding = 4; lastKnownFileType = sourcecode.c.objc; path = CSChatMessageRealmModel.m; sourceTree = "<group>"; };
		748338BF1AC9C19C00C3F5FD /* CSComment.h */ = {isa = PBXFileReference; fileEncoding = 4; lastKnownFileType = sourcecode.c.h; path = CSComment.h; sourceTree = "<group>"; };
		748338C01AC9C19C00C3F5FD /* CSComment.m */ = {isa = PBXFileReference; fileEncoding = 4; lastKnownFileType = sourcecode.c.objc; path = CSComment.m; sourceTree = "<group>"; };
		748338C11AC9C19C00C3F5FD /* CSCommentRealmModel.h */ = {isa = PBXFileReference; fileEncoding = 4; lastKnownFileType = sourcecode.c.h; path = CSCommentRealmModel.h; sourceTree = "<group>"; };
		748338C21AC9C19C00C3F5FD /* CSCommentRealmModel.m */ = {isa = PBXFileReference; fileEncoding = 4; lastKnownFileType = sourcecode.c.objc; path = CSCommentRealmModel.m; sourceTree = "<group>"; };
		748338C31AC9C19C00C3F5FD /* CSPeerHistoryRealmModel.h */ = {isa = PBXFileReference; fileEncoding = 4; lastKnownFileType = sourcecode.c.h; path = CSPeerHistoryRealmModel.h; sourceTree = "<group>"; };
		748338C41AC9C19C00C3F5FD /* CSPeerHistoryRealmModel.m */ = {isa = PBXFileReference; fileEncoding = 4; lastKnownFileType = sourcecode.c.objc; path = CSPeerHistoryRealmModel.m; sourceTree = "<group>"; };
		748338C51AC9C19C00C3F5FD /* CSTaskRealmModel.h */ = {isa = PBXFileReference; fileEncoding = 4; lastKnownFileType = sourcecode.c.h; path = CSTaskRealmModel.h; sourceTree = "<group>"; };
		748338C61AC9C19C00C3F5FD /* CSTaskRealmModel.m */ = {isa = PBXFileReference; fileEncoding = 4; lastKnownFileType = sourcecode.c.objc; path = CSTaskRealmModel.m; sourceTree = "<group>"; };
		748338C71AC9C19C00C3F5FD /* CSTaskTransientObjectStore.h */ = {isa = PBXFileReference; fileEncoding = 4; lastKnownFileType = sourcecode.c.h; path = CSTaskTransientObjectStore.h; sourceTree = "<group>"; };
		748338C81AC9C19C00C3F5FD /* CSTaskTransientObjectStore.m */ = {isa = PBXFileReference; fileEncoding = 4; lastKnownFileType = sourcecode.c.objc; path = CSTaskTransientObjectStore.m; sourceTree = "<group>"; };
		748338D11AC9C3B300C3F5FD /* libc++.dylib */ = {isa = PBXFileReference; lastKnownFileType = "compiled.mach-o.dylib"; name = "libc++.dylib"; path = "usr/lib/libc++.dylib"; sourceTree = SDKROOT; };
		748338D31AC9C4AA00C3F5FD /* Realm.framework */ = {isa = PBXFileReference; lastKnownFileType = wrapper.framework; name = Realm.framework; path = ThirdParty/Realm.framework; sourceTree = "<group>"; };
		748338D81AC9C61900C3F5FD /* CSRealmWriteOperation.h */ = {isa = PBXFileReference; fileEncoding = 4; lastKnownFileType = sourcecode.c.h; path = CSRealmWriteOperation.h; sourceTree = "<group>"; };
		748338D91AC9C61900C3F5FD /* CSRealmWriteOperation.m */ = {isa = PBXFileReference; fileEncoding = 4; lastKnownFileType = sourcecode.c.objc; path = CSRealmWriteOperation.m; sourceTree = "<group>"; };
		748338DA1AC9C61900C3F5FD /* CSSessionDataAnalyzer.h */ = {isa = PBXFileReference; fileEncoding = 4; lastKnownFileType = sourcecode.c.h; path = CSSessionDataAnalyzer.h; sourceTree = "<group>"; };
		748338DB1AC9C61900C3F5FD /* CSSessionDataAnalyzer.m */ = {isa = PBXFileReference; fileEncoding = 4; lastKnownFileType = sourcecode.c.objc; path = CSSessionDataAnalyzer.m; sourceTree = "<group>"; };
		748338DC1AC9C61900C3F5FD /* CSSessionManager.h */ = {isa = PBXFileReference; fileEncoding = 4; lastKnownFileType = sourcecode.c.h; path = CSSessionManager.h; sourceTree = "<group>"; };
		748338DD1AC9C61900C3F5FD /* CSSessionManager.m */ = {isa = PBXFileReference; fileEncoding = 4; lastKnownFileType = sourcecode.c.objc; path = CSSessionManager.m; sourceTree = "<group>"; };
		748338E11AC9CE1C00C3F5FD /* HSTaskDetailViewController.h */ = {isa = PBXFileReference; fileEncoding = 4; lastKnownFileType = sourcecode.c.h; name = HSTaskDetailViewController.h; path = Controllers/HSTaskDetailViewController.h; sourceTree = "<group>"; };
		748338E21AC9CE1C00C3F5FD /* HSTaskDetailViewController.m */ = {isa = PBXFileReference; fileEncoding = 4; lastKnownFileType = sourcecode.c.objc; name = HSTaskDetailViewController.m; path = Controllers/HSTaskDetailViewController.m; sourceTree = "<group>"; };
		748338E71AC9D5F900C3F5FD /* MainDetailView.xib */ = {isa = PBXFileReference; fileEncoding = 4; lastKnownFileType = file.xib; name = MainDetailView.xib; path = CustomViews/MainDetailView.xib; sourceTree = "<group>"; };
		748338EF1AC9E0C500C3F5FD /* HSTaskListViewController.h */ = {isa = PBXFileReference; fileEncoding = 4; lastKnownFileType = sourcecode.c.h; name = HSTaskListViewController.h; path = Controllers/HSTaskListViewController.h; sourceTree = "<group>"; };
		748338F01AC9E0C500C3F5FD /* HSTaskListViewController.m */ = {isa = PBXFileReference; fileEncoding = 4; lastKnownFileType = sourcecode.c.objc; name = HSTaskListViewController.m; path = Controllers/HSTaskListViewController.m; sourceTree = "<group>"; };
		748338F31AC9E85300C3F5FD /* HSTaskListCell.h */ = {isa = PBXFileReference; fileEncoding = 4; lastKnownFileType = sourcecode.c.h; name = HSTaskListCell.h; path = Controllers/HSTaskListCell.h; sourceTree = "<group>"; };
		748338F41AC9E85300C3F5FD /* HSTaskListCell.m */ = {isa = PBXFileReference; fileEncoding = 4; lastKnownFileType = sourcecode.c.objc; name = HSTaskListCell.m; path = Controllers/HSTaskListCell.m; sourceTree = "<group>"; };
		74BE6F9F1ACC5D420048B1DC /* HSConstantsHeader.h */ = {isa = PBXFileReference; lastKnownFileType = sourcecode.c.h; path = HSConstantsHeader.h; sourceTree = "<group>"; };
		74BE6FA11ACC73540048B1DC /* AEFloatConverter.h */ = {isa = PBXFileReference; fileEncoding = 4; lastKnownFileType = sourcecode.c.h; path = AEFloatConverter.h; sourceTree = "<group>"; };
		74BE6FA21ACC73540048B1DC /* AEFloatConverter.m */ = {isa = PBXFileReference; fileEncoding = 4; lastKnownFileType = sourcecode.c.objc; path = AEFloatConverter.m; sourceTree = "<group>"; };
		74BE6FA31ACC73540048B1DC /* EZAudio.h */ = {isa = PBXFileReference; fileEncoding = 4; lastKnownFileType = sourcecode.c.h; path = EZAudio.h; sourceTree = "<group>"; };
		74BE6FA41ACC73540048B1DC /* EZAudio.m */ = {isa = PBXFileReference; fileEncoding = 4; lastKnownFileType = sourcecode.c.objc; path = EZAudio.m; sourceTree = "<group>"; };
		74BE6FA51ACC73540048B1DC /* EZAudioFile.h */ = {isa = PBXFileReference; fileEncoding = 4; lastKnownFileType = sourcecode.c.h; path = EZAudioFile.h; sourceTree = "<group>"; };
		74BE6FA61ACC73540048B1DC /* EZAudioFile.m */ = {isa = PBXFileReference; fileEncoding = 4; lastKnownFileType = sourcecode.c.objc; path = EZAudioFile.m; sourceTree = "<group>"; };
		74BE6FA71ACC73540048B1DC /* EZAudioPlayer.h */ = {isa = PBXFileReference; fileEncoding = 4; lastKnownFileType = sourcecode.c.h; path = EZAudioPlayer.h; sourceTree = "<group>"; };
		74BE6FA81ACC73540048B1DC /* EZAudioPlayer.m */ = {isa = PBXFileReference; fileEncoding = 4; lastKnownFileType = sourcecode.c.objc; path = EZAudioPlayer.m; sourceTree = "<group>"; };
		74BE6FA91ACC73540048B1DC /* EZAudioPlot.h */ = {isa = PBXFileReference; fileEncoding = 4; lastKnownFileType = sourcecode.c.h; path = EZAudioPlot.h; sourceTree = "<group>"; };
		74BE6FAA1ACC73540048B1DC /* EZAudioPlot.m */ = {isa = PBXFileReference; fileEncoding = 4; lastKnownFileType = sourcecode.c.objc; path = EZAudioPlot.m; sourceTree = "<group>"; };
		74BE6FAB1ACC73540048B1DC /* EZAudioPlotGL.h */ = {isa = PBXFileReference; fileEncoding = 4; lastKnownFileType = sourcecode.c.h; path = EZAudioPlotGL.h; sourceTree = "<group>"; };
		74BE6FAC1ACC73540048B1DC /* EZAudioPlotGL.m */ = {isa = PBXFileReference; fileEncoding = 4; lastKnownFileType = sourcecode.c.objc; path = EZAudioPlotGL.m; sourceTree = "<group>"; };
		74BE6FAD1ACC73540048B1DC /* EZAudioPlotGLKViewController.h */ = {isa = PBXFileReference; fileEncoding = 4; lastKnownFileType = sourcecode.c.h; path = EZAudioPlotGLKViewController.h; sourceTree = "<group>"; };
		74BE6FAE1ACC73540048B1DC /* EZAudioPlotGLKViewController.m */ = {isa = PBXFileReference; fileEncoding = 4; lastKnownFileType = sourcecode.c.objc; path = EZAudioPlotGLKViewController.m; sourceTree = "<group>"; };
		74BE6FAF1ACC73540048B1DC /* EZMicrophone.h */ = {isa = PBXFileReference; fileEncoding = 4; lastKnownFileType = sourcecode.c.h; path = EZMicrophone.h; sourceTree = "<group>"; };
		74BE6FB01ACC73540048B1DC /* EZMicrophone.m */ = {isa = PBXFileReference; fileEncoding = 4; lastKnownFileType = sourcecode.c.objc; path = EZMicrophone.m; sourceTree = "<group>"; };
		74BE6FB11ACC73540048B1DC /* EZOutput.h */ = {isa = PBXFileReference; fileEncoding = 4; lastKnownFileType = sourcecode.c.h; path = EZOutput.h; sourceTree = "<group>"; };
		74BE6FB21ACC73540048B1DC /* EZOutput.m */ = {isa = PBXFileReference; fileEncoding = 4; lastKnownFileType = sourcecode.c.objc; path = EZOutput.m; sourceTree = "<group>"; };
		74BE6FB31ACC73540048B1DC /* EZPlot.h */ = {isa = PBXFileReference; fileEncoding = 4; lastKnownFileType = sourcecode.c.h; path = EZPlot.h; sourceTree = "<group>"; };
		74BE6FB41ACC73540048B1DC /* EZPlot.m */ = {isa = PBXFileReference; fileEncoding = 4; lastKnownFileType = sourcecode.c.objc; path = EZPlot.m; sourceTree = "<group>"; };
		74BE6FB51ACC73540048B1DC /* EZRecorder.h */ = {isa = PBXFileReference; fileEncoding = 4; lastKnownFileType = sourcecode.c.h; path = EZRecorder.h; sourceTree = "<group>"; };
		74BE6FB61ACC73540048B1DC /* EZRecorder.m */ = {isa = PBXFileReference; fileEncoding = 4; lastKnownFileType = sourcecode.c.objc; path = EZRecorder.m; sourceTree = "<group>"; };
		74BE6FB71ACC73540048B1DC /* TPCircularBuffer.c */ = {isa = PBXFileReference; fileEncoding = 4; lastKnownFileType = sourcecode.c.c; path = TPCircularBuffer.c; sourceTree = "<group>"; };
		74BE6FB81ACC73540048B1DC /* TPCircularBuffer.h */ = {isa = PBXFileReference; fileEncoding = 4; lastKnownFileType = sourcecode.c.h; path = TPCircularBuffer.h; sourceTree = "<group>"; };
		74BE6FBA1ACC73540048B1DC /* CHANGELOG */ = {isa = PBXFileReference; fileEncoding = 4; lastKnownFileType = text; path = CHANGELOG; sourceTree = "<group>"; };
		74BE6FBB1ACC73540048B1DC /* VERSION */ = {isa = PBXFileReference; fileEncoding = 4; lastKnownFileType = text; path = VERSION; sourceTree = "<group>"; };
		74BE6FCA1ACC73900048B1DC /* AudioToolbox.framework */ = {isa = PBXFileReference; lastKnownFileType = wrapper.framework; name = AudioToolbox.framework; path = System/Library/Frameworks/AudioToolbox.framework; sourceTree = SDKROOT; };
		74BE6FCB1ACC73900048B1DC /* AudioUnit.framework */ = {isa = PBXFileReference; lastKnownFileType = wrapper.framework; name = AudioUnit.framework; path = System/Library/Frameworks/AudioUnit.framework; sourceTree = SDKROOT; };
		74BE6FCC1ACC73900048B1DC /* CoreAudio.framework */ = {isa = PBXFileReference; lastKnownFileType = wrapper.framework; name = CoreAudio.framework; path = System/Library/Frameworks/CoreAudio.framework; sourceTree = SDKROOT; };
		74BE6FD01ACC739B0048B1DC /* QuartzCore.framework */ = {isa = PBXFileReference; lastKnownFileType = wrapper.framework; name = QuartzCore.framework; path = System/Library/Frameworks/QuartzCore.framework; sourceTree = SDKROOT; };
		74BE6FD21ACC73A00048B1DC /* GLKit.framework */ = {isa = PBXFileReference; lastKnownFileType = wrapper.framework; name = GLKit.framework; path = System/Library/Frameworks/GLKit.framework; sourceTree = SDKROOT; };
		74BE6FD61ACC74BC0048B1DC /* HubSync-Prefix.pch */ = {isa = PBXFileReference; fileEncoding = 4; lastKnownFileType = sourcecode.c.h; path = "HubSync-Prefix.pch"; sourceTree = "<group>"; };
		74BE6FD71ACC77240048B1DC /* CSAudioPlotViewController.h */ = {isa = PBXFileReference; fileEncoding = 4; lastKnownFileType = sourcecode.c.h; name = CSAudioPlotViewController.h; path = ImportedFromCS/CSAudioPlotViewController.h; sourceTree = "<group>"; };
		74BE6FD81ACC77240048B1DC /* CSAudioPlotViewController.m */ = {isa = PBXFileReference; fileEncoding = 4; lastKnownFileType = sourcecode.c.objc; name = CSAudioPlotViewController.m; path = ImportedFromCS/CSAudioPlotViewController.m; sourceTree = "<group>"; };
/* End PBXFileReference section */

/* Begin PBXFrameworksBuildPhase section */
		748338901AC9C0C300C3F5FD /* Frameworks */ = {
			isa = PBXFrameworksBuildPhase;
			buildActionMask = 2147483647;
			files = (
				74BE6FD31ACC73A00048B1DC /* GLKit.framework in Frameworks */,
				74BE6FD11ACC739B0048B1DC /* QuartzCore.framework in Frameworks */,
				74BE6FCD1ACC73900048B1DC /* AudioToolbox.framework in Frameworks */,
				74BE6FCE1ACC73900048B1DC /* AudioUnit.framework in Frameworks */,
				74BE6FCF1ACC73900048B1DC /* CoreAudio.framework in Frameworks */,
				748338D41AC9C4AA00C3F5FD /* Realm.framework in Frameworks */,
				748338D21AC9C3B400C3F5FD /* libc++.dylib in Frameworks */,
			);
			runOnlyForDeploymentPostprocessing = 0;
		};
		748338A61AC9C0C300C3F5FD /* Frameworks */ = {
			isa = PBXFrameworksBuildPhase;
			buildActionMask = 2147483647;
			files = (
			);
			runOnlyForDeploymentPostprocessing = 0;
		};
/* End PBXFrameworksBuildPhase section */

/* Begin PBXGroup section */
		3F131BD61ACC852500DFFDBE /* User List */ = {
			isa = PBXGroup;
			children = (
				3F131BD71ACC876600DFFDBE /* HSUserListViewController.h */,
				3F131BD81ACC876600DFFDBE /* HSUserListViewController.m */,
				3F131BDA1ACC89BC00DFFDBE /* HSUserListCell.h */,
				3F131BDB1ACC89BC00DFFDBE /* HSUserListCell.m */,
			);
			name = "User List";
			sourceTree = "<group>";
		};
		7483388A1AC9C0C300C3F5FD = {
			isa = PBXGroup;
			children = (
				748338951AC9C0C300C3F5FD /* HubSync */,
				748338AC1AC9C0C300C3F5FD /* HubSyncTests */,
				748338941AC9C0C300C3F5FD /* Products */,
			);
			sourceTree = "<group>";
		};
		748338941AC9C0C300C3F5FD /* Products */ = {
			isa = PBXGroup;
			children = (
				748338931AC9C0C300C3F5FD /* HubSync.app */,
				748338A91AC9C0C300C3F5FD /* HubSyncTests.xctest */,
			);
			name = Products;
			sourceTree = "<group>";
		};
		748338951AC9C0C300C3F5FD /* HubSync */ = {
			isa = PBXGroup;
			children = (
				748338A01AC9C0C300C3F5FD /* Images.xcassets */,
				748338B91AC9C14000C3F5FD /* Frameworks */,
				748338BC1AC9C19C00C3F5FD /* Models */,
				748338D71AC9C61900C3F5FD /* Session Management */,
				748338E41AC9CE2000C3F5FD /* Controllers */,
				7483389D1AC9C0C300C3F5FD /* ViewController.h */,
				7483389E1AC9C0C300C3F5FD /* ViewController.m */,
				748338A21AC9C0C300C3F5FD /* Main.storyboard */,
				748338961AC9C0C300C3F5FD /* Supporting Files */,
				74BE6F9F1ACC5D420048B1DC /* HSConstantsHeader.h */,
			);
			path = HubSync;
			sourceTree = "<group>";
		};
		748338961AC9C0C300C3F5FD /* Supporting Files */ = {
			isa = PBXGroup;
			children = (
				748338981AC9C0C300C3F5FD /* AppDelegate.h */,
				748338991AC9C0C300C3F5FD /* AppDelegate.m */,
				748338971AC9C0C300C3F5FD /* Info.plist */,
				7483389B1AC9C0C300C3F5FD /* main.m */,
				74BE6FD61ACC74BC0048B1DC /* HubSync-Prefix.pch */,
			);
			name = "Supporting Files";
			sourceTree = "<group>";
		};
		748338AC1AC9C0C300C3F5FD /* HubSyncTests */ = {
			isa = PBXGroup;
			children = (
				748338AF1AC9C0C300C3F5FD /* HubSyncTests.m */,
				748338AD1AC9C0C300C3F5FD /* Supporting Files */,
			);
			path = HubSyncTests;
			sourceTree = "<group>";
		};
		748338AD1AC9C0C300C3F5FD /* Supporting Files */ = {
			isa = PBXGroup;
			children = (
				748338AE1AC9C0C300C3F5FD /* Info.plist */,
			);
			name = "Supporting Files";
			sourceTree = "<group>";
		};
		748338B91AC9C14000C3F5FD /* Frameworks */ = {
			isa = PBXGroup;
			children = (
				74BE6FD41ACC73AD0048B1DC /* OSX Base */,
				74BE6FD51ACC73BA0048B1DC /* Vendor */,
			);
			name = Frameworks;
			sourceTree = "<group>";
		};
		748338BC1AC9C19C00C3F5FD /* Models */ = {
			isa = PBXGroup;
			children = (
				748338BD1AC9C19C00C3F5FD /* CSChatMessageRealmModel.h */,
				748338BE1AC9C19C00C3F5FD /* CSChatMessageRealmModel.m */,
				748338BF1AC9C19C00C3F5FD /* CSComment.h */,
				748338C01AC9C19C00C3F5FD /* CSComment.m */,
				748338C11AC9C19C00C3F5FD /* CSCommentRealmModel.h */,
				748338C21AC9C19C00C3F5FD /* CSCommentRealmModel.m */,
				748338C31AC9C19C00C3F5FD /* CSPeerHistoryRealmModel.h */,
				748338C41AC9C19C00C3F5FD /* CSPeerHistoryRealmModel.m */,
				748338C51AC9C19C00C3F5FD /* CSTaskRealmModel.h */,
				748338C61AC9C19C00C3F5FD /* CSTaskRealmModel.m */,
				748338C71AC9C19C00C3F5FD /* CSTaskTransientObjectStore.h */,
				748338C81AC9C19C00C3F5FD /* CSTaskTransientObjectStore.m */,
			);
			path = Models;
			sourceTree = "<group>";
		};
		748338D71AC9C61900C3F5FD /* Session Management */ = {
			isa = PBXGroup;
			children = (
				748338D81AC9C61900C3F5FD /* CSRealmWriteOperation.h */,
				748338D91AC9C61900C3F5FD /* CSRealmWriteOperation.m */,
				748338DA1AC9C61900C3F5FD /* CSSessionDataAnalyzer.h */,
				748338DB1AC9C61900C3F5FD /* CSSessionDataAnalyzer.m */,
				748338DC1AC9C61900C3F5FD /* CSSessionManager.h */,
				748338DD1AC9C61900C3F5FD /* CSSessionManager.m */,
			);
			path = "Session Management";
			sourceTree = "<group>";
		};
		748338E41AC9CE2000C3F5FD /* Controllers */ = {
			isa = PBXGroup;
			children = (
				3F131BD61ACC852500DFFDBE /* User List */,
				74BE6FD71ACC77240048B1DC /* CSAudioPlotViewController.h */,
				74BE6FD81ACC77240048B1DC /* CSAudioPlotViewController.m */,
				748338E91AC9D62B00C3F5FD /* Details */,
				748338F21AC9E83500C3F5FD /* Task List */,
				458A55D01ACACF5400F73E54 /* HSHotSwapViewController.h */,
				458A55D11ACACF5400F73E54 /* HSHotSwapViewController.m */,
			);
			name = Controllers;
			sourceTree = "<group>";
		};
		748338E91AC9D62B00C3F5FD /* Details */ = {
			isa = PBXGroup;
			children = (
				748338E71AC9D5F900C3F5FD /* MainDetailView.xib */,
				748338E11AC9CE1C00C3F5FD /* HSTaskDetailViewController.h */,
				748338E21AC9CE1C00C3F5FD /* HSTaskDetailViewController.m */,
			);
			name = Details;
			sourceTree = "<group>";
		};
		748338F21AC9E83500C3F5FD /* Task List */ = {
			isa = PBXGroup;
			children = (
				748338EF1AC9E0C500C3F5FD /* HSTaskListViewController.h */,
				748338F01AC9E0C500C3F5FD /* HSTaskListViewController.m */,
				748338F31AC9E85300C3F5FD /* HSTaskListCell.h */,
				748338F41AC9E85300C3F5FD /* HSTaskListCell.m */,
			);
			name = "Task List";
			sourceTree = "<group>";
		};
		74BE6FA01ACC73540048B1DC /* EZAudio */ = {
			isa = PBXGroup;
			children = (
				74BE6FA11ACC73540048B1DC /* AEFloatConverter.h */,
				74BE6FA21ACC73540048B1DC /* AEFloatConverter.m */,
				74BE6FA31ACC73540048B1DC /* EZAudio.h */,
				74BE6FA41ACC73540048B1DC /* EZAudio.m */,
				74BE6FA51ACC73540048B1DC /* EZAudioFile.h */,
				74BE6FA61ACC73540048B1DC /* EZAudioFile.m */,
				74BE6FA71ACC73540048B1DC /* EZAudioPlayer.h */,
				74BE6FA81ACC73540048B1DC /* EZAudioPlayer.m */,
				74BE6FA91ACC73540048B1DC /* EZAudioPlot.h */,
				74BE6FAA1ACC73540048B1DC /* EZAudioPlot.m */,
				74BE6FAB1ACC73540048B1DC /* EZAudioPlotGL.h */,
				74BE6FAC1ACC73540048B1DC /* EZAudioPlotGL.m */,
				74BE6FAD1ACC73540048B1DC /* EZAudioPlotGLKViewController.h */,
				74BE6FAE1ACC73540048B1DC /* EZAudioPlotGLKViewController.m */,
				74BE6FAF1ACC73540048B1DC /* EZMicrophone.h */,
				74BE6FB01ACC73540048B1DC /* EZMicrophone.m */,
				74BE6FB11ACC73540048B1DC /* EZOutput.h */,
				74BE6FB21ACC73540048B1DC /* EZOutput.m */,
				74BE6FB31ACC73540048B1DC /* EZPlot.h */,
				74BE6FB41ACC73540048B1DC /* EZPlot.m */,
				74BE6FB51ACC73540048B1DC /* EZRecorder.h */,
				74BE6FB61ACC73540048B1DC /* EZRecorder.m */,
				74BE6FB71ACC73540048B1DC /* TPCircularBuffer.c */,
				74BE6FB81ACC73540048B1DC /* TPCircularBuffer.h */,
				74BE6FB91ACC73540048B1DC /* VERSION */,
			);
			name = EZAudio;
			path = ThirdParty/EZAudio;
			sourceTree = "<group>";
		};
		74BE6FB91ACC73540048B1DC /* VERSION */ = {
			isa = PBXGroup;
			children = (
				74BE6FBA1ACC73540048B1DC /* CHANGELOG */,
				74BE6FBB1ACC73540048B1DC /* VERSION */,
			);
			path = VERSION;
			sourceTree = "<group>";
		};
		74BE6FD41ACC73AD0048B1DC /* OSX Base */ = {
			isa = PBXGroup;
			children = (
				74BE6FD21ACC73A00048B1DC /* GLKit.framework */,
				74BE6FD01ACC739B0048B1DC /* QuartzCore.framework */,
				74BE6FCA1ACC73900048B1DC /* AudioToolbox.framework */,
				74BE6FCB1ACC73900048B1DC /* AudioUnit.framework */,
				74BE6FCC1ACC73900048B1DC /* CoreAudio.framework */,
				748338D11AC9C3B300C3F5FD /* libc++.dylib */,
			);
			name = "OSX Base";
			path = ..;
			sourceTree = "<group>";
		};
		74BE6FD51ACC73BA0048B1DC /* Vendor */ = {
			isa = PBXGroup;
			children = (
				74BE6FA01ACC73540048B1DC /* EZAudio */,
				748338D31AC9C4AA00C3F5FD /* Realm.framework */,
			);
			name = Vendor;
			sourceTree = "<group>";
		};
/* End PBXGroup section */

/* Begin PBXNativeTarget section */
		748338921AC9C0C300C3F5FD /* HubSync */ = {
			isa = PBXNativeTarget;
			buildConfigurationList = 748338B31AC9C0C300C3F5FD /* Build configuration list for PBXNativeTarget "HubSync" */;
			buildPhases = (
				7483388F1AC9C0C300C3F5FD /* Sources */,
				748338901AC9C0C300C3F5FD /* Frameworks */,
				748338911AC9C0C300C3F5FD /* Resources */,
				748338D51AC9C4CD00C3F5FD /* CopyFiles */,
			);
			buildRules = (
			);
			dependencies = (
			);
			name = HubSync;
			productName = HubSync;
			productReference = 748338931AC9C0C300C3F5FD /* HubSync.app */;
			productType = "com.apple.product-type.application";
		};
		748338A81AC9C0C300C3F5FD /* HubSyncTests */ = {
			isa = PBXNativeTarget;
			buildConfigurationList = 748338B61AC9C0C300C3F5FD /* Build configuration list for PBXNativeTarget "HubSyncTests" */;
			buildPhases = (
				748338A51AC9C0C300C3F5FD /* Sources */,
				748338A61AC9C0C300C3F5FD /* Frameworks */,
				748338A71AC9C0C300C3F5FD /* Resources */,
			);
			buildRules = (
			);
			dependencies = (
				748338AB1AC9C0C300C3F5FD /* PBXTargetDependency */,
			);
			name = HubSyncTests;
			productName = HubSyncTests;
			productReference = 748338A91AC9C0C300C3F5FD /* HubSyncTests.xctest */;
			productType = "com.apple.product-type.bundle.unit-test";
		};
/* End PBXNativeTarget section */

/* Begin PBXProject section */
		7483388B1AC9C0C300C3F5FD /* Project object */ = {
			isa = PBXProject;
			attributes = {
				LastUpgradeCheck = 0610;
				ORGANIZATIONNAME = AppsByDLI;
				TargetAttributes = {
					748338921AC9C0C300C3F5FD = {
						CreatedOnToolsVersion = 6.1.1;
					};
					748338A81AC9C0C300C3F5FD = {
						CreatedOnToolsVersion = 6.1.1;
						TestTargetID = 748338921AC9C0C300C3F5FD;
					};
				};
			};
			buildConfigurationList = 7483388E1AC9C0C300C3F5FD /* Build configuration list for PBXProject "HubSync" */;
			compatibilityVersion = "Xcode 3.2";
			developmentRegion = English;
			hasScannedForEncodings = 0;
			knownRegions = (
				en,
				Base,
			);
			mainGroup = 7483388A1AC9C0C300C3F5FD;
			productRefGroup = 748338941AC9C0C300C3F5FD /* Products */;
			projectDirPath = "";
			projectRoot = "";
			targets = (
				748338921AC9C0C300C3F5FD /* HubSync */,
				748338A81AC9C0C300C3F5FD /* HubSyncTests */,
			);
		};
/* End PBXProject section */

/* Begin PBXResourcesBuildPhase section */
		748338911AC9C0C300C3F5FD /* Resources */ = {
			isa = PBXResourcesBuildPhase;
			buildActionMask = 2147483647;
			files = (
				748338E81AC9D5F900C3F5FD /* MainDetailView.xib in Resources */,
				74BE6FC81ACC73540048B1DC /* CHANGELOG in Resources */,
				748338A11AC9C0C300C3F5FD /* Images.xcassets in Resources */,
				748338A41AC9C0C300C3F5FD /* Main.storyboard in Resources */,
				74BE6FC91ACC73540048B1DC /* VERSION in Resources */,
			);
			runOnlyForDeploymentPostprocessing = 0;
		};
		748338A71AC9C0C300C3F5FD /* Resources */ = {
			isa = PBXResourcesBuildPhase;
			buildActionMask = 2147483647;
			files = (
			);
			runOnlyForDeploymentPostprocessing = 0;
		};
/* End PBXResourcesBuildPhase section */

/* Begin PBXSourcesBuildPhase section */
		7483388F1AC9C0C300C3F5FD /* Sources */ = {
			isa = PBXSourcesBuildPhase;
			buildActionMask = 2147483647;
			files = (
				748338F51AC9E85300C3F5FD /* HSTaskListCell.m in Sources */,
				748338CD1AC9C19C00C3F5FD /* CSTaskRealmModel.m in Sources */,
				748338CA1AC9C19C00C3F5FD /* CSComment.m in Sources */,
				74BE6FC01ACC73540048B1DC /* EZAudioPlot.m in Sources */,
				74BE6FBD1ACC73540048B1DC /* EZAudio.m in Sources */,
				748338DF1AC9C61900C3F5FD /* CSSessionDataAnalyzer.m in Sources */,
				458A55D21ACACF5400F73E54 /* HSHotSwapViewController.m in Sources */,
				7483389F1AC9C0C300C3F5FD /* ViewController.m in Sources */,
				74BE6FBE1ACC73540048B1DC /* EZAudioFile.m in Sources */,
				748338C91AC9C19C00C3F5FD /* CSChatMessageRealmModel.m in Sources */,
				748338E31AC9CE1C00C3F5FD /* HSTaskDetailViewController.m in Sources */,
				74BE6FC11ACC73540048B1DC /* EZAudioPlotGL.m in Sources */,
				748338F11AC9E0C500C3F5FD /* HSTaskListViewController.m in Sources */,
				7483389C1AC9C0C300C3F5FD /* main.m in Sources */,
				74BE6FC71ACC73540048B1DC /* TPCircularBuffer.c in Sources */,
				748338E01AC9C61900C3F5FD /* CSSessionManager.m in Sources */,
				748338CE1AC9C19C00C3F5FD /* CSTaskTransientObjectStore.m in Sources */,
				7483389A1AC9C0C300C3F5FD /* AppDelegate.m in Sources */,
				748338CB1AC9C19C00C3F5FD /* CSCommentRealmModel.m in Sources */,
				74BE6FC61ACC73540048B1DC /* EZRecorder.m in Sources */,
				3F131BD91ACC876600DFFDBE /* HSUserListViewController.m in Sources */,
				74BE6FBF1ACC73540048B1DC /* EZAudioPlayer.m in Sources */,
				748338CC1AC9C19C00C3F5FD /* CSPeerHistoryRealmModel.m in Sources */,
				74BE6FC31ACC73540048B1DC /* EZMicrophone.m in Sources */,
				74BE6FBC1ACC73540048B1DC /* AEFloatConverter.m in Sources */,
				748338DE1AC9C61900C3F5FD /* CSRealmWriteOperation.m in Sources */,
				74BE6FC41ACC73540048B1DC /* EZOutput.m in Sources */,
				74BE6FC21ACC73540048B1DC /* EZAudioPlotGLKViewController.m in Sources */,
				74BE6FD91ACC77240048B1DC /* CSAudioPlotViewController.m in Sources */,
				3F131BDC1ACC89BC00DFFDBE /* HSUserListCell.m in Sources */,
				74BE6FC51ACC73540048B1DC /* EZPlot.m in Sources */,
			);
			runOnlyForDeploymentPostprocessing = 0;
		};
		748338A51AC9C0C300C3F5FD /* Sources */ = {
			isa = PBXSourcesBuildPhase;
			buildActionMask = 2147483647;
			files = (
				748338B01AC9C0C300C3F5FD /* HubSyncTests.m in Sources */,
			);
			runOnlyForDeploymentPostprocessing = 0;
		};
/* End PBXSourcesBuildPhase section */

/* Begin PBXTargetDependency section */
		748338AB1AC9C0C300C3F5FD /* PBXTargetDependency */ = {
			isa = PBXTargetDependency;
			target = 748338921AC9C0C300C3F5FD /* HubSync */;
			targetProxy = 748338AA1AC9C0C300C3F5FD /* PBXContainerItemProxy */;
		};
/* End PBXTargetDependency section */

/* Begin PBXVariantGroup section */
		748338A21AC9C0C300C3F5FD /* Main.storyboard */ = {
			isa = PBXVariantGroup;
			children = (
				748338A31AC9C0C300C3F5FD /* Base */,
			);
			name = Main.storyboard;
			sourceTree = "<group>";
		};
/* End PBXVariantGroup section */

/* Begin XCBuildConfiguration section */
		748338B11AC9C0C300C3F5FD /* Debug */ = {
			isa = XCBuildConfiguration;
			buildSettings = {
				ALWAYS_SEARCH_USER_PATHS = NO;
				CLANG_CXX_LANGUAGE_STANDARD = "gnu++0x";
				CLANG_CXX_LIBRARY = "libc++";
				CLANG_ENABLE_MODULES = YES;
				CLANG_ENABLE_OBJC_ARC = YES;
				CLANG_WARN_BOOL_CONVERSION = YES;
				CLANG_WARN_CONSTANT_CONVERSION = YES;
				CLANG_WARN_DIRECT_OBJC_ISA_USAGE = YES_ERROR;
				CLANG_WARN_EMPTY_BODY = YES;
				CLANG_WARN_ENUM_CONVERSION = YES;
				CLANG_WARN_INT_CONVERSION = YES;
				CLANG_WARN_OBJC_ROOT_CLASS = YES_ERROR;
				CLANG_WARN_UNREACHABLE_CODE = YES;
				CLANG_WARN__DUPLICATE_METHOD_MATCH = YES;
				CODE_SIGN_IDENTITY = "-";
				COPY_PHASE_STRIP = NO;
				ENABLE_STRICT_OBJC_MSGSEND = YES;
				GCC_C_LANGUAGE_STANDARD = gnu99;
				GCC_DYNAMIC_NO_PIC = NO;
				GCC_OPTIMIZATION_LEVEL = 0;
				GCC_PREPROCESSOR_DEFINITIONS = (
					"DEBUG=1",
					"$(inherited)",
				);
				GCC_SYMBOLS_PRIVATE_EXTERN = NO;
				GCC_WARN_64_TO_32_BIT_CONVERSION = YES;
				GCC_WARN_ABOUT_RETURN_TYPE = YES_ERROR;
				GCC_WARN_UNDECLARED_SELECTOR = YES;
				GCC_WARN_UNINITIALIZED_AUTOS = YES_AGGRESSIVE;
				GCC_WARN_UNUSED_FUNCTION = YES;
				GCC_WARN_UNUSED_VARIABLE = YES;
				MACOSX_DEPLOYMENT_TARGET = 10.10;
				MTL_ENABLE_DEBUG_INFO = YES;
				ONLY_ACTIVE_ARCH = YES;
				SDKROOT = macosx;
			};
			name = Debug;
		};
		748338B21AC9C0C300C3F5FD /* Release */ = {
			isa = XCBuildConfiguration;
			buildSettings = {
				ALWAYS_SEARCH_USER_PATHS = NO;
				CLANG_CXX_LANGUAGE_STANDARD = "gnu++0x";
				CLANG_CXX_LIBRARY = "libc++";
				CLANG_ENABLE_MODULES = YES;
				CLANG_ENABLE_OBJC_ARC = YES;
				CLANG_WARN_BOOL_CONVERSION = YES;
				CLANG_WARN_CONSTANT_CONVERSION = YES;
				CLANG_WARN_DIRECT_OBJC_ISA_USAGE = YES_ERROR;
				CLANG_WARN_EMPTY_BODY = YES;
				CLANG_WARN_ENUM_CONVERSION = YES;
				CLANG_WARN_INT_CONVERSION = YES;
				CLANG_WARN_OBJC_ROOT_CLASS = YES_ERROR;
				CLANG_WARN_UNREACHABLE_CODE = YES;
				CLANG_WARN__DUPLICATE_METHOD_MATCH = YES;
				CODE_SIGN_IDENTITY = "-";
				COPY_PHASE_STRIP = YES;
				DEBUG_INFORMATION_FORMAT = "dwarf-with-dsym";
				ENABLE_NS_ASSERTIONS = NO;
				ENABLE_STRICT_OBJC_MSGSEND = YES;
				GCC_C_LANGUAGE_STANDARD = gnu99;
				GCC_WARN_64_TO_32_BIT_CONVERSION = YES;
				GCC_WARN_ABOUT_RETURN_TYPE = YES_ERROR;
				GCC_WARN_UNDECLARED_SELECTOR = YES;
				GCC_WARN_UNINITIALIZED_AUTOS = YES_AGGRESSIVE;
				GCC_WARN_UNUSED_FUNCTION = YES;
				GCC_WARN_UNUSED_VARIABLE = YES;
				MACOSX_DEPLOYMENT_TARGET = 10.10;
				MTL_ENABLE_DEBUG_INFO = NO;
				SDKROOT = macosx;
			};
			name = Release;
		};
		748338B41AC9C0C300C3F5FD /* Debug */ = {
			isa = XCBuildConfiguration;
			buildSettings = {
				ASSETCATALOG_COMPILER_APPICON_NAME = AppIcon;
				COMBINE_HIDPI_IMAGES = YES;
				FRAMEWORK_SEARCH_PATHS = (
					"$(inherited)",
					"$(PROJECT_DIR)/HubSync/ThirdParty",
				);
				GCC_PRECOMPILE_PREFIX_HEADER = YES;
				GCC_PREFIX_HEADER = "$SRCROOT/HubSync/HubSync-Prefix.pch";
				INFOPLIST_FILE = HubSync/Info.plist;
				LD_RUNPATH_SEARCH_PATHS = "$(inherited) @executable_path/../Frameworks";
				PRODUCT_NAME = "$(TARGET_NAME)";
			};
			name = Debug;
		};
		748338B51AC9C0C300C3F5FD /* Release */ = {
			isa = XCBuildConfiguration;
			buildSettings = {
				ASSETCATALOG_COMPILER_APPICON_NAME = AppIcon;
				COMBINE_HIDPI_IMAGES = YES;
				FRAMEWORK_SEARCH_PATHS = (
					"$(inherited)",
					"$(PROJECT_DIR)/HubSync/ThirdParty",
				);
				GCC_PRECOMPILE_PREFIX_HEADER = YES;
				GCC_PREFIX_HEADER = "$SRCROOT/HubSync/HubSync-Prefix.pch";
				INFOPLIST_FILE = HubSync/Info.plist;
				LD_RUNPATH_SEARCH_PATHS = "$(inherited) @executable_path/../Frameworks";
				PRODUCT_NAME = "$(TARGET_NAME)";
			};
			name = Release;
		};
		748338B71AC9C0C300C3F5FD /* Debug */ = {
			isa = XCBuildConfiguration;
			buildSettings = {
				BUNDLE_LOADER = "$(TEST_HOST)";
				COMBINE_HIDPI_IMAGES = YES;
				FRAMEWORK_SEARCH_PATHS = (
					"$(DEVELOPER_FRAMEWORKS_DIR)",
					"$(inherited)",
				);
				GCC_PREPROCESSOR_DEFINITIONS = (
					"DEBUG=1",
					"$(inherited)",
				);
				INFOPLIST_FILE = HubSyncTests/Info.plist;
				LD_RUNPATH_SEARCH_PATHS = "$(inherited) @executable_path/../Frameworks @loader_path/../Frameworks";
				PRODUCT_NAME = "$(TARGET_NAME)";
				TEST_HOST = "$(BUILT_PRODUCTS_DIR)/HubSync.app/Contents/MacOS/HubSync";
			};
			name = Debug;
		};
		748338B81AC9C0C300C3F5FD /* Release */ = {
			isa = XCBuildConfiguration;
			buildSettings = {
				BUNDLE_LOADER = "$(TEST_HOST)";
				COMBINE_HIDPI_IMAGES = YES;
				FRAMEWORK_SEARCH_PATHS = (
					"$(DEVELOPER_FRAMEWORKS_DIR)",
					"$(inherited)",
				);
				INFOPLIST_FILE = HubSyncTests/Info.plist;
				LD_RUNPATH_SEARCH_PATHS = "$(inherited) @executable_path/../Frameworks @loader_path/../Frameworks";
				PRODUCT_NAME = "$(TARGET_NAME)";
				TEST_HOST = "$(BUILT_PRODUCTS_DIR)/HubSync.app/Contents/MacOS/HubSync";
			};
			name = Release;
		};
/* End XCBuildConfiguration section */

/* Begin XCConfigurationList section */
		7483388E1AC9C0C300C3F5FD /* Build configuration list for PBXProject "HubSync" */ = {
			isa = XCConfigurationList;
			buildConfigurations = (
				748338B11AC9C0C300C3F5FD /* Debug */,
				748338B21AC9C0C300C3F5FD /* Release */,
			);
			defaultConfigurationIsVisible = 0;
			defaultConfigurationName = Release;
		};
		748338B31AC9C0C300C3F5FD /* Build configuration list for PBXNativeTarget "HubSync" */ = {
			isa = XCConfigurationList;
			buildConfigurations = (
				748338B41AC9C0C300C3F5FD /* Debug */,
				748338B51AC9C0C300C3F5FD /* Release */,
			);
			defaultConfigurationIsVisible = 0;
			defaultConfigurationName = Release;
		};
		748338B61AC9C0C300C3F5FD /* Build configuration list for PBXNativeTarget "HubSyncTests" */ = {
			isa = XCConfigurationList;
			buildConfigurations = (
				748338B71AC9C0C300C3F5FD /* Debug */,
				748338B81AC9C0C300C3F5FD /* Release */,
			);
			defaultConfigurationIsVisible = 0;
			defaultConfigurationName = Release;
		};
/* End XCConfigurationList section */
	};
	rootObject = 7483388B1AC9C0C300C3F5FD /* Project object */;
}
